
Microsoft Visual Studio Solution File, Format Version 12.00
# Visual Studio Version 17
VisualStudioVersion = 17.7.34018.315
MinimumVisualStudioVersion = 10.0.40219.1
Project("{8BC9CEB8-8B4A-11D0-8D11-00A0C91BC942}") = "04-Sep18", "04-Sep18.vcxproj", "{BDF5A7BE-5937-4EA5-AA05-B81694CCFAA8}"
EndProject
Global
	GlobalSection(SolutionConfigurationPlatforms) = preSolution
		Debug|x64 = Debug|x64
		Debug|x86 = Debug|x86
		Release|x64 = Release|x64
		Release|x86 = Release|x86
	EndGlobalSection
	GlobalSection(ProjectConfigurationPlatforms) = postSolution
		{BDF5A7BE-5937-4EA5-AA05-B81694CCFAA8}.Debug|x64.ActiveCfg = Debug|x64
		{BDF5A7BE-5937-4EA5-AA05-B81694CCFAA8}.Debug|x64.Build.0 = Debug|x64
		{BDF5A7BE-5937-4EA5-AA05-B81694CCFAA8}.Debug|x86.ActiveCfg = Debug|Win32
		{BDF5A7BE-5937-4EA5-AA05-B81694CCFAA8}.Debug|x86.Build.0 = Debug|Win32
		{BDF5A7BE-5937-4EA5-AA05-B81694CCFAA8}.Release|x64.ActiveCfg = Release|x64
		{BDF5A7BE-5937-4EA5-AA05-B81694CCFAA8}.Release|x64.Build.0 = Release|x64
		{BDF5A7BE-5937-4EA5-AA05-B81694CCFAA8}.Release|x86.ActiveCfg = Release|Win32
		{BDF5A7BE-5937-4EA5-AA05-B81694CCFAA8}.Release|x86.Build.0 = Release|Win32
	EndGlobalSection
	GlobalSection(SolutionProperties) = preSolution
		HideSolutionNode = FALSE
	EndGlobalSection
	GlobalSection(ExtensibilityGlobals) = postSolution
		SolutionGuid = {1147A2DC-B5B8-4DC1-B83B-37B2D998DB61}
	EndGlobalSection
EndGlobal
