
Microsoft Visual Studio Solution File, Format Version 12.00
# Visual Studio Version 17
VisualStudioVersion = 17.9.34701.34
MinimumVisualStudioVersion = 10.0.40219.1
Project("{8BC9CEB8-8B4A-11D0-8D11-00A0C91BC942}") = "15-Mar21", "15-Mar21.vcxproj", "{19BC39B0-1BD1-4AA5-B7B7-48BCC254D920}"
EndProject
Global
	GlobalSection(SolutionConfigurationPlatforms) = preSolution
		Debug|x64 = Debug|x64
		Debug|x86 = Debug|x86
		Release|x64 = Release|x64
		Release|x86 = Release|x86
	EndGlobalSection
	GlobalSection(ProjectConfigurationPlatforms) = postSolution
		{19BC39B0-1BD1-4AA5-B7B7-48BCC254D920}.Debug|x64.ActiveCfg = Debug|x64
		{19BC39B0-1BD1-4AA5-B7B7-48BCC254D920}.Debug|x64.Build.0 = Debug|x64
		{19BC39B0-1BD1-4AA5-B7B7-48BCC254D920}.Debug|x86.ActiveCfg = Debug|Win32
		{19BC39B0-1BD1-4AA5-B7B7-48BCC254D920}.Debug|x86.Build.0 = Debug|Win32
		{19BC39B0-1BD1-4AA5-B7B7-48BCC254D920}.Release|x64.ActiveCfg = Release|x64
		{19BC39B0-1BD1-4AA5-B7B7-48BCC254D920}.Release|x64.Build.0 = Release|x64
		{19BC39B0-1BD1-4AA5-B7B7-48BCC254D920}.Release|x86.ActiveCfg = Release|Win32
		{19BC39B0-1BD1-4AA5-B7B7-48BCC254D920}.Release|x86.Build.0 = Release|Win32
	EndGlobalSection
	GlobalSection(SolutionProperties) = preSolution
		HideSolutionNode = FALSE
	EndGlobalSection
	GlobalSection(ExtensibilityGlobals) = postSolution
		SolutionGuid = {850DDB26-2852-4601-8E00-E200738355B0}
	EndGlobalSection
EndGlobal
