
Microsoft Visual Studio Solution File, Format Version 12.00
# Visual Studio Version 17
VisualStudioVersion = 17.11.35222.181
MinimumVisualStudioVersion = 10.0.40219.1
Project("{8BC9CEB8-8B4A-11D0-8D11-00A0C91BC942}") = "08-Oct08", "08-Oct08.vcxproj", "{934F3C34-3C85-4DCA-ACD1-2CF09D953B4F}"
EndProject
Global
	GlobalSection(SolutionConfigurationPlatforms) = preSolution
		Debug|x64 = Debug|x64
		Debug|x86 = Debug|x86
		Release|x64 = Release|x64
		Release|x86 = Release|x86
	EndGlobalSection
	GlobalSection(ProjectConfigurationPlatforms) = postSolution
		{934F3C34-3C85-4DCA-ACD1-2CF09D953B4F}.Debug|x64.ActiveCfg = Debug|x64
		{934F3C34-3C85-4DCA-ACD1-2CF09D953B4F}.Debug|x64.Build.0 = Debug|x64
		{934F3C34-3C85-4DCA-ACD1-2CF09D953B4F}.Debug|x86.ActiveCfg = Debug|Win32
		{934F3C34-3C85-4DCA-ACD1-2CF09D953B4F}.Debug|x86.Build.0 = Debug|Win32
		{934F3C34-3C85-4DCA-ACD1-2CF09D953B4F}.Release|x64.ActiveCfg = Release|x64
		{934F3C34-3C85-4DCA-ACD1-2CF09D953B4F}.Release|x64.Build.0 = Release|x64
		{934F3C34-3C85-4DCA-ACD1-2CF09D953B4F}.Release|x86.ActiveCfg = Release|Win32
		{934F3C34-3C85-4DCA-ACD1-2CF09D953B4F}.Release|x86.Build.0 = Release|Win32
	EndGlobalSection
	GlobalSection(SolutionProperties) = preSolution
		HideSolutionNode = FALSE
	EndGlobalSection
	GlobalSection(ExtensibilityGlobals) = postSolution
		SolutionGuid = {E8230D23-D747-4808-AC10-DEEDD1C91902}
	EndGlobalSection
EndGlobal
