
Microsoft Visual Studio Solution File, Format Version 12.00
# Visual Studio Version 17
VisualStudioVersion = 17.8.34316.72
MinimumVisualStudioVersion = 10.0.40219.1
Project("{8BC9CEB8-8B4A-11D0-8D11-00A0C91BC942}") = "01-Sep02", "01-Sep02.vcxproj", "{638BB613-6BBC-41B7-A535-49F3FB690053}"
EndProject
Global
	GlobalSection(SolutionConfigurationPlatforms) = preSolution
		Debug|x64 = Debug|x64
		Debug|x86 = Debug|x86
		Release|x64 = Release|x64
		Release|x86 = Release|x86
	EndGlobalSection
	GlobalSection(ProjectConfigurationPlatforms) = postSolution
		{638BB613-6BBC-41B7-A535-49F3FB690053}.Debug|x64.ActiveCfg = Debug|x64
		{638BB613-6BBC-41B7-A535-49F3FB690053}.Debug|x64.Build.0 = Debug|x64
		{638BB613-6BBC-41B7-A535-49F3FB690053}.Debug|x86.ActiveCfg = Debug|Win32
		{638BB613-6BBC-41B7-A535-49F3FB690053}.Debug|x86.Build.0 = Debug|Win32
		{638BB613-6BBC-41B7-A535-49F3FB690053}.Release|x64.ActiveCfg = Release|x64
		{638BB613-6BBC-41B7-A535-49F3FB690053}.Release|x64.Build.0 = Release|x64
		{638BB613-6BBC-41B7-A535-49F3FB690053}.Release|x86.ActiveCfg = Release|Win32
		{638BB613-6BBC-41B7-A535-49F3FB690053}.Release|x86.Build.0 = Release|Win32
	EndGlobalSection
	GlobalSection(SolutionProperties) = preSolution
		HideSolutionNode = FALSE
	EndGlobalSection
	GlobalSection(ExtensibilityGlobals) = postSolution
		SolutionGuid = {C9B900F8-48B2-465F-8217-31E189F62BE3}
	EndGlobalSection
EndGlobal
