
Microsoft Visual Studio Solution File, Format Version 12.00
# Visual Studio Version 17
VisualStudioVersion = 17.13.35913.81 d17.13
MinimumVisualStudioVersion = 10.0.40219.1
Project("{8BC9CEB8-8B4A-11D0-8D11-00A0C91BC942}") = "h-Jun13", "h-Jun13.vcxproj", "{CE76DF8B-EB8C-4454-A4BD-5ADCF7C0242A}"
EndProject
Global
	GlobalSection(SolutionConfigurationPlatforms) = preSolution
		Debug|x64 = Debug|x64
		Debug|x86 = Debug|x86
		Release|x64 = Release|x64
		Release|x86 = Release|x86
	EndGlobalSection
	GlobalSection(ProjectConfigurationPlatforms) = postSolution
		{CE76DF8B-EB8C-4454-A4BD-5ADCF7C0242A}.Debug|x64.ActiveCfg = Debug|x64
		{CE76DF8B-EB8C-4454-A4BD-5ADCF7C0242A}.Debug|x64.Build.0 = Debug|x64
		{CE76DF8B-EB8C-4454-A4BD-5ADCF7C0242A}.Debug|x86.ActiveCfg = Debug|Win32
		{CE76DF8B-EB8C-4454-A4BD-5ADCF7C0242A}.Debug|x86.Build.0 = Debug|Win32
		{CE76DF8B-EB8C-4454-A4BD-5ADCF7C0242A}.Release|x64.ActiveCfg = Release|x64
		{CE76DF8B-EB8C-4454-A4BD-5ADCF7C0242A}.Release|x64.Build.0 = Release|x64
		{CE76DF8B-EB8C-4454-A4BD-5ADCF7C0242A}.Release|x86.ActiveCfg = Release|Win32
		{CE76DF8B-EB8C-4454-A4BD-5ADCF7C0242A}.Release|x86.Build.0 = Release|Win32
	EndGlobalSection
	GlobalSection(SolutionProperties) = preSolution
		HideSolutionNode = FALSE
	EndGlobalSection
	GlobalSection(ExtensibilityGlobals) = postSolution
		SolutionGuid = {2714A196-61B1-4D0D-B2BD-8955DDA834BE}
	EndGlobalSection
EndGlobal
