
Microsoft Visual Studio Solution File, Format Version 12.00
# Visual Studio Version 17
VisualStudioVersion = 17.13.35913.81
MinimumVisualStudioVersion = 10.0.40219.1
Project("{8BC9CEB8-8B4A-11D0-8D11-00A0C91BC942}") = "e-May26", "e-May26.vcxproj", "{5946A933-5B83-43FB-BF65-5240E7D0B033}"
EndProject
Project("{8BC9CEB8-8B4A-11D0-8D11-00A0C91BC942}") = "DynamicAssessment.cpp", "DynamicAssessment.cpp\DynamicAssessment.cpp.vcxproj", "{E74240B8-5627-4F7C-8ADD-64F92C5168F1}"
EndProject
Global
	GlobalSection(SolutionConfigurationPlatforms) = preSolution
		Debug|x64 = Debug|x64
		Debug|x86 = Debug|x86
		Release|x64 = Release|x64
		Release|x86 = Release|x86
	EndGlobalSection
	GlobalSection(ProjectConfigurationPlatforms) = postSolution
		{5946A933-5B83-43FB-BF65-5240E7D0B033}.Debug|x64.ActiveCfg = Debug|x64
		{5946A933-5B83-43FB-BF65-5240E7D0B033}.Debug|x64.Build.0 = Debug|x64
		{5946A933-5B83-43FB-BF65-5240E7D0B033}.Debug|x86.ActiveCfg = Debug|Win32
		{5946A933-5B83-43FB-BF65-5240E7D0B033}.Debug|x86.Build.0 = Debug|Win32
		{5946A933-5B83-43FB-BF65-5240E7D0B033}.Release|x64.ActiveCfg = Release|x64
		{5946A933-5B83-43FB-BF65-5240E7D0B033}.Release|x64.Build.0 = Release|x64
		{5946A933-5B83-43FB-BF65-5240E7D0B033}.Release|x86.ActiveCfg = Release|Win32
		{5946A933-5B83-43FB-BF65-5240E7D0B033}.Release|x86.Build.0 = Release|Win32
		{E74240B8-5627-4F7C-8ADD-64F92C5168F1}.Debug|x64.ActiveCfg = Debug|x64
		{E74240B8-5627-4F7C-8ADD-64F92C5168F1}.Debug|x64.Build.0 = Debug|x64
		{E74240B8-5627-4F7C-8ADD-64F92C5168F1}.Debug|x86.ActiveCfg = Debug|Win32
		{E74240B8-5627-4F7C-8ADD-64F92C5168F1}.Debug|x86.Build.0 = Debug|Win32
		{E74240B8-5627-4F7C-8ADD-64F92C5168F1}.Release|x64.ActiveCfg = Release|x64
		{E74240B8-5627-4F7C-8ADD-64F92C5168F1}.Release|x64.Build.0 = Release|x64
		{E74240B8-5627-4F7C-8ADD-64F92C5168F1}.Release|x86.ActiveCfg = Release|Win32
		{E74240B8-5627-4F7C-8ADD-64F92C5168F1}.Release|x86.Build.0 = Release|Win32
	EndGlobalSection
	GlobalSection(SolutionProperties) = preSolution
		HideSolutionNode = FALSE
	EndGlobalSection
	GlobalSection(ExtensibilityGlobals) = postSolution
		SolutionGuid = {26A821EB-6019-43A3-9175-679B088DA4DF}
	EndGlobalSection
EndGlobal
