
Microsoft Visual Studio Solution File, Format Version 12.00
# Visual Studio Version 17
VisualStudioVersion = 17.8.34316.72
MinimumVisualStudioVersion = 10.0.40219.1
Project("{8BC9CEB8-8B4A-11D0-8D11-00A0C91BC942}") = "b-Jan07", "b-Jan07.vcxproj", "{BDE5280A-61A6-4085-A645-CB5635F1BD28}"
EndProject
Global
	GlobalSection(SolutionConfigurationPlatforms) = preSolution
		Debug|x64 = Debug|x64
		Debug|x86 = Debug|x86
		Release|x64 = Release|x64
		Release|x86 = Release|x86
	EndGlobalSection
	GlobalSection(ProjectConfigurationPlatforms) = postSolution
		{BDE5280A-61A6-4085-A645-CB5635F1BD28}.Debug|x64.ActiveCfg = Debug|x64
		{BDE5280A-61A6-4085-A645-CB5635F1BD28}.Debug|x64.Build.0 = Debug|x64
		{BDE5280A-61A6-4085-A645-CB5635F1BD28}.Debug|x86.ActiveCfg = Debug|Win32
		{BDE5280A-61A6-4085-A645-CB5635F1BD28}.Debug|x86.Build.0 = Debug|Win32
		{BDE5280A-61A6-4085-A645-CB5635F1BD28}.Release|x64.ActiveCfg = Release|x64
		{BDE5280A-61A6-4085-A645-CB5635F1BD28}.Release|x64.Build.0 = Release|x64
		{BDE5280A-61A6-4085-A645-CB5635F1BD28}.Release|x86.ActiveCfg = Release|Win32
		{BDE5280A-61A6-4085-A645-CB5635F1BD28}.Release|x86.Build.0 = Release|Win32
	EndGlobalSection
	GlobalSection(SolutionProperties) = preSolution
		HideSolutionNode = FALSE
	EndGlobalSection
	GlobalSection(ExtensibilityGlobals) = postSolution
		SolutionGuid = {82FF9BC0-0137-490E-8198-43348129D783}
	EndGlobalSection
EndGlobal
