
Microsoft Visual Studio Solution File, Format Version 12.00
# Visual Studio Version 17
VisualStudioVersion = 17.14.36915.13 d17.14
MinimumVisualStudioVersion = 10.0.40219.1
Project("{8BC9CEB8-8B4A-11D0-8D11-00A0C91BC942}") = "i-Feb02", "i-Feb02.vcxproj", "{B8E26B57-586A-443E-A8A4-922F6A8EE666}"
EndProject
Global
	GlobalSection(SolutionConfigurationPlatforms) = preSolution
		Debug|x64 = Debug|x64
		Debug|x86 = Debug|x86
		Release|x64 = Release|x64
		Release|x86 = Release|x86
	EndGlobalSection
	GlobalSection(ProjectConfigurationPlatforms) = postSolution
		{B8E26B57-586A-443E-A8A4-922F6A8EE666}.Debug|x64.ActiveCfg = Debug|x64
		{B8E26B57-586A-443E-A8A4-922F6A8EE666}.Debug|x64.Build.0 = Debug|x64
		{B8E26B57-586A-443E-A8A4-922F6A8EE666}.Debug|x86.ActiveCfg = Debug|Win32
		{B8E26B57-586A-443E-A8A4-922F6A8EE666}.Debug|x86.Build.0 = Debug|Win32
		{B8E26B57-586A-443E-A8A4-922F6A8EE666}.Release|x64.ActiveCfg = Release|x64
		{B8E26B57-586A-443E-A8A4-922F6A8EE666}.Release|x64.Build.0 = Release|x64
		{B8E26B57-586A-443E-A8A4-922F6A8EE666}.Release|x86.ActiveCfg = Release|Win32
		{B8E26B57-586A-443E-A8A4-922F6A8EE666}.Release|x86.Build.0 = Release|Win32
	EndGlobalSection
	GlobalSection(SolutionProperties) = preSolution
		HideSolutionNode = FALSE
	EndGlobalSection
	GlobalSection(ExtensibilityGlobals) = postSolution
		SolutionGuid = {E5BA8E97-EA56-42B6-8E68-E95773A429A5}
	EndGlobalSection
EndGlobal
