
Microsoft Visual Studio Solution File, Format Version 12.00
# Visual Studio Version 17
VisualStudioVersion = 17.7.34018.315
MinimumVisualStudioVersion = 10.0.40219.1
Project("{8BC9CEB8-8B4A-11D0-8D11-00A0C91BC942}") = "05-Sep21", "05-Sep21.vcxproj", "{314472AD-B961-4613-8493-F28AF73A31B7}"
EndProject
Global
	GlobalSection(SolutionConfigurationPlatforms) = preSolution
		Debug|x64 = Debug|x64
		Debug|x86 = Debug|x86
		Release|x64 = Release|x64
		Release|x86 = Release|x86
	EndGlobalSection
	GlobalSection(ProjectConfigurationPlatforms) = postSolution
		{314472AD-B961-4613-8493-F28AF73A31B7}.Debug|x64.ActiveCfg = Debug|x64
		{314472AD-B961-4613-8493-F28AF73A31B7}.Debug|x64.Build.0 = Debug|x64
		{314472AD-B961-4613-8493-F28AF73A31B7}.Debug|x86.ActiveCfg = Debug|Win32
		{314472AD-B961-4613-8493-F28AF73A31B7}.Debug|x86.Build.0 = Debug|Win32
		{314472AD-B961-4613-8493-F28AF73A31B7}.Release|x64.ActiveCfg = Release|x64
		{314472AD-B961-4613-8493-F28AF73A31B7}.Release|x64.Build.0 = Release|x64
		{314472AD-B961-4613-8493-F28AF73A31B7}.Release|x86.ActiveCfg = Release|Win32
		{314472AD-B961-4613-8493-F28AF73A31B7}.Release|x86.Build.0 = Release|Win32
	EndGlobalSection
	GlobalSection(SolutionProperties) = preSolution
		HideSolutionNode = FALSE
	EndGlobalSection
	GlobalSection(ExtensibilityGlobals) = postSolution
		SolutionGuid = {20511C17-6FE0-45C3-9AAD-CBEE185496DE}
	EndGlobalSection
EndGlobal
