
Microsoft Visual Studio Solution File, Format Version 12.00
# Visual Studio Version 17
VisualStudioVersion = 17.11.35222.181
MinimumVisualStudioVersion = 10.0.40219.1
Project("{8BC9CEB8-8B4A-11D0-8D11-00A0C91BC942}") = "06-Jan28", "06-Jan28.vcxproj", "{351EEF74-D33F-4DCA-88A1-2DB5583A55DC}"
EndProject
Global
	GlobalSection(SolutionConfigurationPlatforms) = preSolution
		Debug|x64 = Debug|x64
		Debug|x86 = Debug|x86
		Release|x64 = Release|x64
		Release|x86 = Release|x86
	EndGlobalSection
	GlobalSection(ProjectConfigurationPlatforms) = postSolution
		{351EEF74-D33F-4DCA-88A1-2DB5583A55DC}.Debug|x64.ActiveCfg = Debug|x64
		{351EEF74-D33F-4DCA-88A1-2DB5583A55DC}.Debug|x64.Build.0 = Debug|x64
		{351EEF74-D33F-4DCA-88A1-2DB5583A55DC}.Debug|x86.ActiveCfg = Debug|Win32
		{351EEF74-D33F-4DCA-88A1-2DB5583A55DC}.Debug|x86.Build.0 = Debug|Win32
		{351EEF74-D33F-4DCA-88A1-2DB5583A55DC}.Release|x64.ActiveCfg = Release|x64
		{351EEF74-D33F-4DCA-88A1-2DB5583A55DC}.Release|x64.Build.0 = Release|x64
		{351EEF74-D33F-4DCA-88A1-2DB5583A55DC}.Release|x86.ActiveCfg = Release|Win32
		{351EEF74-D33F-4DCA-88A1-2DB5583A55DC}.Release|x86.Build.0 = Release|Win32
	EndGlobalSection
	GlobalSection(SolutionProperties) = preSolution
		HideSolutionNode = FALSE
	EndGlobalSection
	GlobalSection(ExtensibilityGlobals) = postSolution
		SolutionGuid = {9868A435-7BDC-4AC4-B77A-01EBF14E25A4}
	EndGlobalSection
EndGlobal
