
Microsoft Visual Studio Solution File, Format Version 12.00
# Visual Studio Version 17
VisualStudioVersion = 17.14.36915.13 d17.14
MinimumVisualStudioVersion = 10.0.40219.1
Project("{8BC9CEB8-8B4A-11D0-8D11-00A0C91BC942}") = "j-Feb09", "j-Feb09.vcxproj", "{616C2491-6F02-4462-84C5-8A6C8A6DB794}"
EndProject
Global
	GlobalSection(SolutionConfigurationPlatforms) = preSolution
		Debug|x64 = Debug|x64
		Debug|x86 = Debug|x86
		Release|x64 = Release|x64
		Release|x86 = Release|x86
	EndGlobalSection
	GlobalSection(ProjectConfigurationPlatforms) = postSolution
		{616C2491-6F02-4462-84C5-8A6C8A6DB794}.Debug|x64.ActiveCfg = Debug|x64
		{616C2491-6F02-4462-84C5-8A6C8A6DB794}.Debug|x64.Build.0 = Debug|x64
		{616C2491-6F02-4462-84C5-8A6C8A6DB794}.Debug|x86.ActiveCfg = Debug|Win32
		{616C2491-6F02-4462-84C5-8A6C8A6DB794}.Debug|x86.Build.0 = Debug|Win32
		{616C2491-6F02-4462-84C5-8A6C8A6DB794}.Release|x64.ActiveCfg = Release|x64
		{616C2491-6F02-4462-84C5-8A6C8A6DB794}.Release|x64.Build.0 = Release|x64
		{616C2491-6F02-4462-84C5-8A6C8A6DB794}.Release|x86.ActiveCfg = Release|Win32
		{616C2491-6F02-4462-84C5-8A6C8A6DB794}.Release|x86.Build.0 = Release|Win32
	EndGlobalSection
	GlobalSection(SolutionProperties) = preSolution
		HideSolutionNode = FALSE
	EndGlobalSection
	GlobalSection(ExtensibilityGlobals) = postSolution
		SolutionGuid = {1EBC0520-E64B-4890-985A-5DD381A2530D}
	EndGlobalSection
EndGlobal
