
Microsoft Visual Studio Solution File, Format Version 12.00
# Visual Studio Version 17
VisualStudioVersion = 17.14.36908.2 d17.14
MinimumVisualStudioVersion = 10.0.40219.1
Project("{8BC9CEB8-8B4A-11D0-8D11-00A0C91BC942}") = "k-Mar02", "k-Mar02.vcxproj", "{0168CEF8-5F13-42B1-B1B8-E9B517DD4403}"
EndProject
Global
	GlobalSection(SolutionConfigurationPlatforms) = preSolution
		Debug|x64 = Debug|x64
		Debug|x86 = Debug|x86
		Release|x64 = Release|x64
		Release|x86 = Release|x86
	EndGlobalSection
	GlobalSection(ProjectConfigurationPlatforms) = postSolution
		{0168CEF8-5F13-42B1-B1B8-E9B517DD4403}.Debug|x64.ActiveCfg = Debug|x64
		{0168CEF8-5F13-42B1-B1B8-E9B517DD4403}.Debug|x64.Build.0 = Debug|x64
		{0168CEF8-5F13-42B1-B1B8-E9B517DD4403}.Debug|x86.ActiveCfg = Debug|Win32
		{0168CEF8-5F13-42B1-B1B8-E9B517DD4403}.Debug|x86.Build.0 = Debug|Win32
		{0168CEF8-5F13-42B1-B1B8-E9B517DD4403}.Release|x64.ActiveCfg = Release|x64
		{0168CEF8-5F13-42B1-B1B8-E9B517DD4403}.Release|x64.Build.0 = Release|x64
		{0168CEF8-5F13-42B1-B1B8-E9B517DD4403}.Release|x86.ActiveCfg = Release|Win32
		{0168CEF8-5F13-42B1-B1B8-E9B517DD4403}.Release|x86.Build.0 = Release|Win32
	EndGlobalSection
	GlobalSection(SolutionProperties) = preSolution
		HideSolutionNode = FALSE
	EndGlobalSection
	GlobalSection(ExtensibilityGlobals) = postSolution
		SolutionGuid = {EACFB989-03D3-4869-8936-C0099F4EC60A}
	EndGlobalSection
EndGlobal
