
Microsoft Visual Studio Solution File, Format Version 12.00
# Visual Studio Version 17
VisualStudioVersion = 17.7.34018.315
MinimumVisualStudioVersion = 10.0.40219.1
Project("{8BC9CEB8-8B4A-11D0-8D11-00A0C91BC942}") = "10-Feb08", "10-Feb08.vcxproj", "{EFFE3F15-2E7B-4950-9FA8-46949E522767}"
EndProject
Global
	GlobalSection(SolutionConfigurationPlatforms) = preSolution
		Debug|x64 = Debug|x64
		Debug|x86 = Debug|x86
		Release|x64 = Release|x64
		Release|x86 = Release|x86
	EndGlobalSection
	GlobalSection(ProjectConfigurationPlatforms) = postSolution
		{EFFE3F15-2E7B-4950-9FA8-46949E522767}.Debug|x64.ActiveCfg = Debug|x64
		{EFFE3F15-2E7B-4950-9FA8-46949E522767}.Debug|x64.Build.0 = Debug|x64
		{EFFE3F15-2E7B-4950-9FA8-46949E522767}.Debug|x86.ActiveCfg = Debug|Win32
		{EFFE3F15-2E7B-4950-9FA8-46949E522767}.Debug|x86.Build.0 = Debug|Win32
		{EFFE3F15-2E7B-4950-9FA8-46949E522767}.Release|x64.ActiveCfg = Release|x64
		{EFFE3F15-2E7B-4950-9FA8-46949E522767}.Release|x64.Build.0 = Release|x64
		{EFFE3F15-2E7B-4950-9FA8-46949E522767}.Release|x86.ActiveCfg = Release|Win32
		{EFFE3F15-2E7B-4950-9FA8-46949E522767}.Release|x86.Build.0 = Release|Win32
	EndGlobalSection
	GlobalSection(SolutionProperties) = preSolution
		HideSolutionNode = FALSE
	EndGlobalSection
	GlobalSection(ExtensibilityGlobals) = postSolution
		SolutionGuid = {1E6F1DDA-74D5-4BE3-B032-E959EFCCCBD5}
	EndGlobalSection
EndGlobal
