
Microsoft Visual Studio Solution File, Format Version 12.00
# Visual Studio Version 17
VisualStudioVersion = 17.11.35222.181
MinimumVisualStudioVersion = 10.0.40219.1
Project("{8BC9CEB8-8B4A-11D0-8D11-00A0C91BC942}") = "05-Sep17", "05-Sep17.vcxproj", "{1B6DB47B-9FE8-4DD7-BC89-DC05CB6C08EF}"
EndProject
Global
	GlobalSection(SolutionConfigurationPlatforms) = preSolution
		Debug|x64 = Debug|x64
		Debug|x86 = Debug|x86
		Release|x64 = Release|x64
		Release|x86 = Release|x86
	EndGlobalSection
	GlobalSection(ProjectConfigurationPlatforms) = postSolution
		{1B6DB47B-9FE8-4DD7-BC89-DC05CB6C08EF}.Debug|x64.ActiveCfg = Debug|x64
		{1B6DB47B-9FE8-4DD7-BC89-DC05CB6C08EF}.Debug|x64.Build.0 = Debug|x64
		{1B6DB47B-9FE8-4DD7-BC89-DC05CB6C08EF}.Debug|x86.ActiveCfg = Debug|Win32
		{1B6DB47B-9FE8-4DD7-BC89-DC05CB6C08EF}.Debug|x86.Build.0 = Debug|Win32
		{1B6DB47B-9FE8-4DD7-BC89-DC05CB6C08EF}.Release|x64.ActiveCfg = Release|x64
		{1B6DB47B-9FE8-4DD7-BC89-DC05CB6C08EF}.Release|x64.Build.0 = Release|x64
		{1B6DB47B-9FE8-4DD7-BC89-DC05CB6C08EF}.Release|x86.ActiveCfg = Release|Win32
		{1B6DB47B-9FE8-4DD7-BC89-DC05CB6C08EF}.Release|x86.Build.0 = Release|Win32
	EndGlobalSection
	GlobalSection(SolutionProperties) = preSolution
		HideSolutionNode = FALSE
	EndGlobalSection
	GlobalSection(ExtensibilityGlobals) = postSolution
		SolutionGuid = {85F07CE3-7488-4581-BB54-1476CA06D538}
	EndGlobalSection
EndGlobal
